# Lockfile automatically generated by Reach. Don't edit!
# This file is meant to be included in source control.

lf_revs:
- - gr_user: reach-sh
    gr_host: github.com
    gr_repo: reach-example-package
    gr_rev: null
  - gr_user: reach-sh
    gr_host: github.com
    gr_repo: reach-example-package
    gr_rev: d635342f6d6b34705c2171d2a82c1c17e0344fb8
- - gr_user: reach-sh
    gr_host: github.com
    gr_repo: reach-example-package
    gr_rev: main
  - gr_user: reach-sh
    gr_host: github.com
    gr_repo: reach-example-package
    gr_rev: d635342f6d6b34705c2171d2a82c1c17e0344fb8
lf_vers: 1
