# Lockfile automatically generated by Reach. Don't edit!
# This file is meant to be included in source control.

modules:
- - b4f1277e59b942c7eda0f68e818272a621a44142462de76448f205b678116a54
  - refsha: |
      ebb3024eb423ca952eada140fd3e105f6644fbe1
    uri: https://github.com/reach-sh/reach-example-package.git
    ldeps: {}
    host:
      tag: GitHub
      contents:
        dir:
        - src
        acct: reach-sh
        repo: reach-example-package
        file: func.rsh
        ref: main
- - eff6857174c14de80447484828775692b451f287da9a4cfdb940d3a549ae5657
  - refsha: |
      ebb3024eb423ca952eada140fd3e105f6644fbe1
    uri: https://github.com/reach-sh/reach-example-package.git
    ldeps:
      src/./func.rsh: b4f1277e59b942c7eda0f68e818272a621a44142462de76448f205b678116a54
    host:
      tag: GitHub
      contents:
        dir:
        - src
        acct: reach-sh
        repo: reach-example-package
        file: lib.rsh
        ref: master
version: 1
