# Lockfile automatically generated by Reach. Don't edit!
# This file is meant to be included in source control.

modules:
- - b4f1277e59b942c7eda0f68e818272a621a44142462de76448f205b678116a54
  - refsha: |
      d635342f6d6b34705c2171d2a82c1c17e0344fb8
    uri: https://github.com/reach-sh/reach-example-package.git
    ldeps: {}
    host:
      tag: GitHub
      contents:
        dir:
        - src
        acct: reach-sh
        repo: reach-example-package
        file: func.rsh
        ref: main
- - c572dd2870ef22d87253be0bf51ebc8a4f3f8fe0cc50cc7167177e4663c5d632
  - refsha: |
      d635342f6d6b34705c2171d2a82c1c17e0344fb8
    uri: https://github.com/reach-sh/reach-example-package.git
    ldeps: {}
    host:
      tag: GitHub
      contents:
        dir: []
        acct: reach-sh
        repo: reach-example-package
        file: index.rsh
        ref: master
- - eff6857174c14de80447484828775692b451f287da9a4cfdb940d3a549ae5657
  - refsha: |
      d635342f6d6b34705c2171d2a82c1c17e0344fb8
    uri: https://github.com/reach-sh/reach-example-package.git
    ldeps:
      src/./func.rsh: b4f1277e59b942c7eda0f68e818272a621a44142462de76448f205b678116a54
    host:
      tag: GitHub
      contents:
        dir:
        - src
        acct: reach-sh
        repo: reach-example-package
        file: lib.rsh
        ref: master
version: 1
