{
  "name": "search",
  "lockfileVersion": 2,
  "requires": true,
  "packages": {
    "": {
      "dependencies": {
        "algoliasearch": "^4.11.0"
      }
    },
    "node_modules/@algolia/cache-browser-local-storage": {
      "version": "4.11.0",
      "resolved": "https://registry.npmjs.org/@algolia/cache-browser-local-storage/-/cache-browser-local-storage-4.11.0.tgz",
      "integrity": "sha512-4sr9vHIG1fVA9dONagdzhsI/6M5mjs/qOe2xUP0yBmwsTsuwiZq3+Xu6D3dsxsuFetcJgC6ydQoCW8b7fDJHYQ==",
      "dependencies": {
        "@algolia/cache-common": "4.11.0"
      }
    },
    "node_modules/@algolia/cache-common": {
      "version": "4.11.0",
      "resolved": "https://registry.npmjs.org/@algolia/cache-common/-/cache-common-4.11.0.tgz",
      "integrity": "sha512-lODcJRuPXqf+6mp0h6bOxPMlbNoyn3VfjBVcQh70EDP0/xExZbkpecgHyyZK4kWg+evu+mmgvTK3GVHnet/xKw=="
    },
    "node_modules/@algolia/cache-in-memory": {
      "version": "4.11.0",
      "resolved": "https://registry.npmjs.org/@algolia/cache-in-memory/-/cache-in-memory-4.11.0.tgz",
      "integrity": "sha512-aBz+stMSTBOBaBEQ43zJXz2DnwS7fL6dR0e2myehAgtfAWlWwLDHruc/98VOy1ZAcBk1blE2LCU02bT5HekGxQ==",
      "dependencies": {
        "@algolia/cache-common": "4.11.0"
      }
    },
    "node_modules/@algolia/client-account": {
      "version": "4.11.0",
      "resolved": "https://registry.npmjs.org/@algolia/client-account/-/client-account-4.11.0.tgz",
      "integrity": "sha512-jwmFBoUSzoMwMqgD3PmzFJV/d19p1RJXB6C1ADz4ju4mU7rkaQLtqyZroQpheLoU5s5Tilmn/T8/0U2XLoJCRQ==",
      "dependencies": {
        "@algolia/client-common": "4.11.0",
        "@algolia/client-search": "4.11.0",
        "@algolia/transporter": "4.11.0"
      }
    },
    "node_modules/@algolia/client-analytics": {
      "version": "4.11.0",
      "resolved": "https://registry.npmjs.org/@algolia/client-analytics/-/client-analytics-4.11.0.tgz",
      "integrity": "sha512-v5U9585aeEdYml7JqggHAj3E5CQ+jPwGVztPVhakBk8H/cmLyPS2g8wvmIbaEZCHmWn4TqFj3EBHVYxAl36fSA==",
      "dependencies": {
        "@algolia/client-common": "4.11.0",
        "@algolia/client-search": "4.11.0",
        "@algolia/requester-common": "4.11.0",
        "@algolia/transporter": "4.11.0"
      }
    },
    "node_modules/@algolia/client-common": {
      "version": "4.11.0",
      "resolved": "https://registry.npmjs.org/@algolia/client-common/-/client-common-4.11.0.tgz",
      "integrity": "sha512-Qy+F+TZq12kc7tgfC+FM3RvYH/Ati7sUiUv/LkvlxFwNwNPwWGoZO81AzVSareXT/ksDDrabD4mHbdTbBPTRmQ==",
      "dependencies": {
        "@algolia/requester-common": "4.11.0",
        "@algolia/transporter": "4.11.0"
      }
    },
    "node_modules/@algolia/client-personalization": {
      "version": "4.11.0",
      "resolved": "https://registry.npmjs.org/@algolia/client-personalization/-/client-personalization-4.11.0.tgz",
      "integrity": "sha512-mI+X5IKiijHAzf9fy8VSl/GTT67dzFDnJ0QAM8D9cMPevnfX4U72HRln3Mjd0xEaYUOGve8TK/fMg7d3Z5yG6g==",
      "dependencies": {
        "@algolia/client-common": "4.11.0",
        "@algolia/requester-common": "4.11.0",
        "@algolia/transporter": "4.11.0"
      }
    },
    "node_modules/@algolia/client-search": {
      "version": "4.11.0",
      "resolved": "https://registry.npmjs.org/@algolia/client-search/-/client-search-4.11.0.tgz",
      "integrity": "sha512-iovPLc5YgiXBdw2qMhU65sINgo9umWbHFzInxoNErWnYoTQWfXsW6P54/NlKx5uscoLVjSf+5RUWwFu5BX+lpw==",
      "dependencies": {
        "@algolia/client-common": "4.11.0",
        "@algolia/requester-common": "4.11.0",
        "@algolia/transporter": "4.11.0"
      }
    },
    "node_modules/@algolia/logger-common": {
      "version": "4.11.0",
      "resolved": "https://registry.npmjs.org/@algolia/logger-common/-/logger-common-4.11.0.tgz",
      "integrity": "sha512-pRMJFeOY8hoWKIxWuGHIrqnEKN/kqKh7UilDffG/+PeEGxBuku+Wq5CfdTFG0C9ewUvn8mAJn5BhYA5k8y0Jqg=="
    },
    "node_modules/@algolia/logger-console": {
      "version": "4.11.0",
      "resolved": "https://registry.npmjs.org/@algolia/logger-console/-/logger-console-4.11.0.tgz",
      "integrity": "sha512-wXztMk0a3VbNmYP8Kpc+F7ekuvaqZmozM2eTLok0XIshpAeZ/NJDHDffXK2Pw+NF0wmHqurptLYwKoikjBYvhQ==",
      "dependencies": {
        "@algolia/logger-common": "4.11.0"
      }
    },
    "node_modules/@algolia/requester-browser-xhr": {
      "version": "4.11.0",
      "resolved": "https://registry.npmjs.org/@algolia/requester-browser-xhr/-/requester-browser-xhr-4.11.0.tgz",
      "integrity": "sha512-Fp3SfDihAAFR8bllg8P5ouWi3+qpEVN5e7hrtVIYldKBOuI/qFv80Zv/3/AMKNJQRYglS4zWyPuqrXm58nz6KA==",
      "dependencies": {
        "@algolia/requester-common": "4.11.0"
      }
    },
    "node_modules/@algolia/requester-common": {
      "version": "4.11.0",
      "resolved": "https://registry.npmjs.org/@algolia/requester-common/-/requester-common-4.11.0.tgz",
      "integrity": "sha512-+cZGe/9fuYgGuxjaBC+xTGBkK7OIYdfapxhfvEf03dviLMPmhmVYFJtJlzAjQ2YmGDJpHrGgAYj3i/fbs8yhiA=="
    },
    "node_modules/@algolia/requester-node-http": {
      "version": "4.11.0",
      "resolved": "https://registry.npmjs.org/@algolia/requester-node-http/-/requester-node-http-4.11.0.tgz",
      "integrity": "sha512-qJIk9SHRFkKDi6dMT9hba8X1J1z92T5AZIgl+tsApjTGIRQXJLTIm+0q4yOefokfu4CoxYwRZ9QAq+ouGwfeOg==",
      "dependencies": {
        "@algolia/requester-common": "4.11.0"
      }
    },
    "node_modules/@algolia/transporter": {
      "version": "4.11.0",
      "resolved": "https://registry.npmjs.org/@algolia/transporter/-/transporter-4.11.0.tgz",
      "integrity": "sha512-k4dyxiaEfYpw4UqybK9q7lrFzehygo6KV3OCYJMMdX0IMWV0m4DXdU27c1zYRYtthaFYaBzGF4Kjcl8p8vxCKw==",
      "dependencies": {
        "@algolia/cache-common": "4.11.0",
        "@algolia/logger-common": "4.11.0",
        "@algolia/requester-common": "4.11.0"
      }
    },
    "node_modules/algoliasearch": {
      "version": "4.11.0",
      "resolved": "https://registry.npmjs.org/algoliasearch/-/algoliasearch-4.11.0.tgz",
      "integrity": "sha512-IXRj8kAP2WrMmj+eoPqPc6P7Ncq1yZkFiyDrjTBObV1ADNL8Z/KdZ+dWC5MmYcBLAbcB/mMCpak5N/D1UIZvsA==",
      "dependencies": {
        "@algolia/cache-browser-local-storage": "4.11.0",
        "@algolia/cache-common": "4.11.0",
        "@algolia/cache-in-memory": "4.11.0",
        "@algolia/client-account": "4.11.0",
        "@algolia/client-analytics": "4.11.0",
        "@algolia/client-common": "4.11.0",
        "@algolia/client-personalization": "4.11.0",
        "@algolia/client-search": "4.11.0",
        "@algolia/logger-common": "4.11.0",
        "@algolia/logger-console": "4.11.0",
        "@algolia/requester-browser-xhr": "4.11.0",
        "@algolia/requester-common": "4.11.0",
        "@algolia/requester-node-http": "4.11.0",
        "@algolia/transporter": "4.11.0"
      }
    }
  },
  "dependencies": {
    "@algolia/cache-browser-local-storage": {
      "version": "4.11.0",
      "resolved": "https://registry.npmjs.org/@algolia/cache-browser-local-storage/-/cache-browser-local-storage-4.11.0.tgz",
      "integrity": "sha512-4sr9vHIG1fVA9dONagdzhsI/6M5mjs/qOe2xUP0yBmwsTsuwiZq3+Xu6D3dsxsuFetcJgC6ydQoCW8b7fDJHYQ==",
      "requires": {
        "@algolia/cache-common": "4.11.0"
      }
    },
    "@algolia/cache-common": {
      "version": "4.11.0",
      "resolved": "https://registry.npmjs.org/@algolia/cache-common/-/cache-common-4.11.0.tgz",
      "integrity": "sha512-lODcJRuPXqf+6mp0h6bOxPMlbNoyn3VfjBVcQh70EDP0/xExZbkpecgHyyZK4kWg+evu+mmgvTK3GVHnet/xKw=="
    },
    "@algolia/cache-in-memory": {
      "version": "4.11.0",
      "resolved": "https://registry.npmjs.org/@algolia/cache-in-memory/-/cache-in-memory-4.11.0.tgz",
      "integrity": "sha512-aBz+stMSTBOBaBEQ43zJXz2DnwS7fL6dR0e2myehAgtfAWlWwLDHruc/98VOy1ZAcBk1blE2LCU02bT5HekGxQ==",
      "requires": {
        "@algolia/cache-common": "4.11.0"
      }
    },
    "@algolia/client-account": {
      "version": "4.11.0",
      "resolved": "https://registry.npmjs.org/@algolia/client-account/-/client-account-4.11.0.tgz",
      "integrity": "sha512-jwmFBoUSzoMwMqgD3PmzFJV/d19p1RJXB6C1ADz4ju4mU7rkaQLtqyZroQpheLoU5s5Tilmn/T8/0U2XLoJCRQ==",
      "requires": {
        "@algolia/client-common": "4.11.0",
        "@algolia/client-search": "4.11.0",
        "@algolia/transporter": "4.11.0"
      }
    },
    "@algolia/client-analytics": {
      "version": "4.11.0",
      "resolved": "https://registry.npmjs.org/@algolia/client-analytics/-/client-analytics-4.11.0.tgz",
      "integrity": "sha512-v5U9585aeEdYml7JqggHAj3E5CQ+jPwGVztPVhakBk8H/cmLyPS2g8wvmIbaEZCHmWn4TqFj3EBHVYxAl36fSA==",
      "requires": {
        "@algolia/client-common": "4.11.0",
        "@algolia/client-search": "4.11.0",
        "@algolia/requester-common": "4.11.0",
        "@algolia/transporter": "4.11.0"
      }
    },
    "@algolia/client-common": {
      "version": "4.11.0",
      "resolved": "https://registry.npmjs.org/@algolia/client-common/-/client-common-4.11.0.tgz",
      "integrity": "sha512-Qy+F+TZq12kc7tgfC+FM3RvYH/Ati7sUiUv/LkvlxFwNwNPwWGoZO81AzVSareXT/ksDDrabD4mHbdTbBPTRmQ==",
      "requires": {
        "@algolia/requester-common": "4.11.0",
        "@algolia/transporter": "4.11.0"
      }
    },
    "@algolia/client-personalization": {
      "version": "4.11.0",
      "resolved": "https://registry.npmjs.org/@algolia/client-personalization/-/client-personalization-4.11.0.tgz",
      "integrity": "sha512-mI+X5IKiijHAzf9fy8VSl/GTT67dzFDnJ0QAM8D9cMPevnfX4U72HRln3Mjd0xEaYUOGve8TK/fMg7d3Z5yG6g==",
      "requires": {
        "@algolia/client-common": "4.11.0",
        "@algolia/requester-common": "4.11.0",
        "@algolia/transporter": "4.11.0"
      }
    },
    "@algolia/client-search": {
      "version": "4.11.0",
      "resolved": "https://registry.npmjs.org/@algolia/client-search/-/client-search-4.11.0.tgz",
      "integrity": "sha512-iovPLc5YgiXBdw2qMhU65sINgo9umWbHFzInxoNErWnYoTQWfXsW6P54/NlKx5uscoLVjSf+5RUWwFu5BX+lpw==",
      "requires": {
        "@algolia/client-common": "4.11.0",
        "@algolia/requester-common": "4.11.0",
        "@algolia/transporter": "4.11.0"
      }
    },
    "@algolia/logger-common": {
      "version": "4.11.0",
      "resolved": "https://registry.npmjs.org/@algolia/logger-common/-/logger-common-4.11.0.tgz",
      "integrity": "sha512-pRMJFeOY8hoWKIxWuGHIrqnEKN/kqKh7UilDffG/+PeEGxBuku+Wq5CfdTFG0C9ewUvn8mAJn5BhYA5k8y0Jqg=="
    },
    "@algolia/logger-console": {
      "version": "4.11.0",
      "resolved": "https://registry.npmjs.org/@algolia/logger-console/-/logger-console-4.11.0.tgz",
      "integrity": "sha512-wXztMk0a3VbNmYP8Kpc+F7ekuvaqZmozM2eTLok0XIshpAeZ/NJDHDffXK2Pw+NF0wmHqurptLYwKoikjBYvhQ==",
      "requires": {
        "@algolia/logger-common": "4.11.0"
      }
    },
    "@algolia/requester-browser-xhr": {
      "version": "4.11.0",
      "resolved": "https://registry.npmjs.org/@algolia/requester-browser-xhr/-/requester-browser-xhr-4.11.0.tgz",
      "integrity": "sha512-Fp3SfDihAAFR8bllg8P5ouWi3+qpEVN5e7hrtVIYldKBOuI/qFv80Zv/3/AMKNJQRYglS4zWyPuqrXm58nz6KA==",
      "requires": {
        "@algolia/requester-common": "4.11.0"
      }
    },
    "@algolia/requester-common": {
      "version": "4.11.0",
      "resolved": "https://registry.npmjs.org/@algolia/requester-common/-/requester-common-4.11.0.tgz",
      "integrity": "sha512-+cZGe/9fuYgGuxjaBC+xTGBkK7OIYdfapxhfvEf03dviLMPmhmVYFJtJlzAjQ2YmGDJpHrGgAYj3i/fbs8yhiA=="
    },
    "@algolia/requester-node-http": {
      "version": "4.11.0",
      "resolved": "https://registry.npmjs.org/@algolia/requester-node-http/-/requester-node-http-4.11.0.tgz",
      "integrity": "sha512-qJIk9SHRFkKDi6dMT9hba8X1J1z92T5AZIgl+tsApjTGIRQXJLTIm+0q4yOefokfu4CoxYwRZ9QAq+ouGwfeOg==",
      "requires": {
        "@algolia/requester-common": "4.11.0"
      }
    },
    "@algolia/transporter": {
      "version": "4.11.0",
      "resolved": "https://registry.npmjs.org/@algolia/transporter/-/transporter-4.11.0.tgz",
      "integrity": "sha512-k4dyxiaEfYpw4UqybK9q7lrFzehygo6KV3OCYJMMdX0IMWV0m4DXdU27c1zYRYtthaFYaBzGF4Kjcl8p8vxCKw==",
      "requires": {
        "@algolia/cache-common": "4.11.0",
        "@algolia/logger-common": "4.11.0",
        "@algolia/requester-common": "4.11.0"
      }
    },
    "algoliasearch": {
      "version": "4.11.0",
      "resolved": "https://registry.npmjs.org/algoliasearch/-/algoliasearch-4.11.0.tgz",
      "integrity": "sha512-IXRj8kAP2WrMmj+eoPqPc6P7Ncq1yZkFiyDrjTBObV1ADNL8Z/KdZ+dWC5MmYcBLAbcB/mMCpak5N/D1UIZvsA==",
      "requires": {
        "@algolia/cache-browser-local-storage": "4.11.0",
        "@algolia/cache-common": "4.11.0",
        "@algolia/cache-in-memory": "4.11.0",
        "@algolia/client-account": "4.11.0",
        "@algolia/client-analytics": "4.11.0",
        "@algolia/client-common": "4.11.0",
        "@algolia/client-personalization": "4.11.0",
        "@algolia/client-search": "4.11.0",
        "@algolia/logger-common": "4.11.0",
        "@algolia/logger-console": "4.11.0",
        "@algolia/requester-browser-xhr": "4.11.0",
        "@algolia/requester-common": "4.11.0",
        "@algolia/requester-node-http": "4.11.0",
        "@algolia/transporter": "4.11.0"
      }
    }
  }
}
