# This file was autogenerated by Stack.
# You should not edit this file by hand.
# For more information, please see the documentation at:
#   https://docs.haskellstack.org/en/stable/lock_files

packages:
- completed:
    hackage: io-capture-1.0.0@sha256:52fcd84902340df8e860a70bb646503cf3dcd11b4f43e9659ef38e341f68e909,1233
    pantry-tree:
      size: 273
      sha256: 65849cbd4749744033f0e23c317a4cb12b7a24eb0ca9d2610c95b6dc72b3f470
  original:
    hackage: io-capture-1.0.0@sha256:52fcd84902340df8e860a70bb646503cf3dcd11b4f43e9659ef38e341f68e909,1233
- completed:
    hackage: simple-smt-0.9.5@sha256:70e6f694d401d23783b6f5c62774262a01cc7c305a64a13690ab7664a4f98ebf,736
    pantry-tree:
      size: 253
      sha256: 2c3dc6abc101832026902feb1f4d0cfd227dc0cddf9db857c30da38c80ac387c
  original:
    hackage: simple-smt-0.9.5@sha256:70e6f694d401d23783b6f5c62774262a01cc7c305a64a13690ab7664a4f98ebf,736
- completed:
    hackage: tasty-html-0.4.1.2@sha256:7c8be5359940fcbd0228b9a1f5dc9a1113a9a5e03dc9b9ae018eb17f870aef13,1241
    pantry-tree:
      size: 608
      sha256: b0bccc20c9438f1353dedf7efc70716e58e6fc7e741a47617e9a6c1be59f0a1d
  original:
    hackage: tasty-html-0.4.1.2@sha256:7c8be5359940fcbd0228b9a1f5dc9a1113a9a5e03dc9b9ae018eb17f870aef13,1241
- completed:
    name: stan
    version: 0.0.1.0
    git: https://github.com/reach-sh/stan.git
    pantry-tree:
      size: 5007
      sha256: 95104fae7efea0270bc86dc36c68acf3424d3aa60f40672cc9fa07b99e37aa69
    commit: f6b85556b90cb8b639449d205be6367bafc984f2
  original:
    git: https://github.com/reach-sh/stan.git
    commit: f6b85556b90cb8b639449d205be6367bafc984f2
- completed:
    name: language-javascript
    version: 0.7.1.0
    git: https://github.com/danburton/language-javascript.git
    pantry-tree:
      size: 3180
      sha256: d8bed9f91ce6f6ff86b0ca6d11599afc3c7bec6c9b729e8843c0088f7b42ad53
    commit: 9a3b52abc8d4850a2229cc94d0d973f7906c6378
  original:
    git: https://github.com/danburton/language-javascript.git
    commit: 9a3b52abc8d4850a2229cc94d0d973f7906c6378
- completed:
    name: ormolu
    version: 0.1.2.0
    git: https://github.com/google/ormolu.git
    pantry-tree:
      size: 78156
      sha256: a030dc542ed61d259984b086957113932d8ed7199698e4791243072d6a1c6583
    commit: f16c62c18db1b328ee481c781171ea61f354ff70
  original:
    git: https://github.com/google/ormolu.git
    commit: f16c62c18db1b328ee481c781171ea61f354ff70
snapshots:
- completed:
    size: 532377
    url: https://raw.githubusercontent.com/commercialhaskell/stackage-snapshots/master/lts/16/12.yaml
    sha256: f914cfa23fef85bdf895e300a8234d9d0edc2dbec67f4bc9c53f85867c50eab6
  original: lts-16.12
