# This file was autogenerated by Stack.
# You should not edit this file by hand.
# For more information, please see the documentation at:
#   https://docs.haskellstack.org/en/stable/lock_files

packages:
- completed:
    hackage: io-capture-1.0.0@sha256:52fcd84902340df8e860a70bb646503cf3dcd11b4f43e9659ef38e341f68e909,1233
    pantry-tree:
      size: 273
      sha256: 65849cbd4749744033f0e23c317a4cb12b7a24eb0ca9d2610c95b6dc72b3f470
  original:
    hackage: io-capture-1.0.0@sha256:52fcd84902340df8e860a70bb646503cf3dcd11b4f43e9659ef38e341f68e909,1233
- completed:
    hackage: posix-escape-0.1@sha256:adbb650397cd8685ea220b40739ee80d4e8329643a98aa2993a6f13a598bd18c,1160
    pantry-tree:
      size: 386
      sha256: e9824c495e3e2a3a1f737b5d2fcdd0ea1ce6b2919cec252c1ef7ca3b19dedf57
  original:
    hackage: posix-escape-0.1@sha256:adbb650397cd8685ea220b40739ee80d4e8329643a98aa2993a6f13a598bd18c
- completed:
    cabal-file:
      size: 736
      sha256: c94edcb0ffc8aca632c8971bd800403e121b9cd456c166d4087eb96dcc267c3a
    name: simple-smt
    version: 0.9.4
    git: https://github.com/jeapostrophe/simple-smt.git
    pantry-tree:
      size: 357
      sha256: 19c0565ed35d9aeb40fce20fbe8d2b64767596edf182931f967c8307b859a539
    commit: 1189da0abaf9a0a48c4a99e0e195af5b893ee69c
  original:
    git: https://github.com/jeapostrophe/simple-smt.git
    commit: 1189da0abaf9a0a48c4a99e0e195af5b893ee69c
- completed:
    cabal-file:
      size: 3899
      sha256: 06238479380c78a7e0fa19da6576fb1750f44c25235c942fd33af6f3969fef85
    name: language-javascript
    version: 0.6.0.13
    git: https://github.com/jeapostrophe/language-javascript.git
    pantry-tree:
      size: 3231
      sha256: 12d4d550c32bfcde5159d75d41001ce2fd9cd2b22782e428a45464927c0d5daa
    commit: 1433b39fc089021368d1e361ae7eccce218acb39
  original:
    git: https://github.com/jeapostrophe/language-javascript.git
    commit: 1433b39fc089021368d1e361ae7eccce218acb39
- completed:
    cabal-file:
      size: 1313
      sha256: 7234d82b95a56ccfebe161fa1a599b9f7c518ee99ef9e1c4d9f7e230bbac1359
    name: haskell-evm
    version: 0.1.0
    git: https://github.com/reach-sh/haskell-evm.git
    pantry-tree:
      size: 509
      sha256: 10740336bb40f8fcae3aa57955598ae76c0aebe2e69f2f6e63385a405d72da9f
    commit: 114fd36f78eec2a76287a62a7333ab8bf2270808
  original:
    git: https://github.com/reach-sh/haskell-evm.git
    commit: 114fd36f78eec2a76287a62a7333ab8bf2270808
snapshots:
- completed:
    size: 523700
    url: https://raw.githubusercontent.com/commercialhaskell/stackage-snapshots/master/lts/14/7.yaml
    sha256: 8e3f3c894be74d71fa4bf085e0a8baae7e4d7622d07ea31a52736b80f8b9bb1a
  original: lts-14.7
